{
  "name": "Solution-challenge",
  "lockfileVersion": 3,
  "requires": true,
  "packages": {
    "": {
      "dependencies": {
        "@zegocloud/zego-uikit-prebuilt": "^1.10.2"
      }
    },
    "node_modules/@zegocloud/zego-uikit-prebuilt": {
      "version": "1.10.2",
      "resolved": "https://registry.npmjs.org/@zegocloud/zego-uikit-prebuilt/-/zego-uikit-prebuilt-1.10.2.tgz",
      "integrity": "sha512-B4ukHvhVqiThpf7BaIfzse8ixYFDwzEozZ9bKLGfJoBCYEbc5aMtruLJp2WIZrexNrAHdiTuyWSrbOpXzbAuCQ=="
    }
  }
}
